version = 1
revision = 2
requires-python = ">=3.12"

[[package]]
name = "certifi"
version = "2025.4.26"
source = { registry = "https://pypi.org/simple" }
sdist = { url = "https://files.pythonhosted.org/packages/e8/9e/c05b3920a3b7d20d3d3310465f50348e5b3694f4f88c6daf736eef3024c4/certifi-2025.4.26.tar.gz", hash = "sha256:0a816057ea3cdefcef70270d2c515e4506bbc954f417fa5ade2021213bb8f0c6", size = 160705, upload-time = "2025-04-26T02:12:29.51Z" }
wheels = [
    { url = "https://files.pythonhosted.org/packages/4a/7e/3db2bd1b1f9e95f7cddca6d6e75e2f2bd9f51b1246e546d88addca0106bd/certifi-2025.4.26-py3-none-any.whl", hash = "sha256:30350364dfe371162649852c63336a15c70c6510c2ad5015b21c2345311805f3", size = 159618, upload-time = "2025-04-26T02:12:27.662Z" },
]

[[package]]
name = "cfgv"
version = "3.4.0"
source = { registry = "https://pypi.org/simple" }
sdist = { url = "https://files.pythonhosted.org/packages/11/74/539e56497d9bd1d484fd863dd69cbbfa653cd2aa27abfe35653494d85e94/cfgv-3.4.0.tar.gz", hash = "sha256:e52591d4c5f5dead8e0f673fb16db7949d2cfb3f7da4582893288f0ded8fe560", size = 7114, upload-time = "2023-08-12T20:38:17.776Z" }
wheels = [
    { url = "https://files.pythonhosted.org/packages/c5/55/51844dd50c4fc7a33b653bfaba4c2456f06955289ca770a5dbd5fd267374/cfgv-3.4.0-py2.py3-none-any.whl", hash = "sha256:b7265b1f29fd3316bfcd2b330d63d024f2bfd8bcb8b0272f8e19a504856c48f9", size = 7249, upload-time = "2023-08-12T20:38:16.269Z" },
]

[[package]]
name = "charset-normalizer"
version = "3.4.2"
source = { registry = "https://pypi.org/simple" }
sdist = { url = "https://files.pythonhosted.org/packages/e4/33/89c2ced2b67d1c2a61c19c6751aa8902d46ce3dacb23600a283619f5a12d/charset_normalizer-3.4.2.tar.gz", hash = "sha256:5baececa9ecba31eff645232d59845c07aa030f0c81ee70184a90d35099a0e63", size = 126367, upload-time = "2025-05-02T08:34:42.01Z" }
wheels = [
    { url = "https://files.pythonhosted.org/packages/d7/a4/37f4d6035c89cac7930395a35cc0f1b872e652eaafb76a6075943754f095/charset_normalizer-3.4.2-cp312-cp312-macosx_10_13_universal2.whl", hash = "sha256:0c29de6a1a95f24b9a1aa7aefd27d2487263f00dfd55a77719b530788f75cff7", size = 199936, upload-time = "2025-05-02T08:32:33.712Z" },
    { url = "https://files.pythonhosted.org/packages/ee/8a/1a5e33b73e0d9287274f899d967907cd0bf9c343e651755d9307e0dbf2b3/charset_normalizer-3.4.2-cp312-cp312-manylinux_2_17_aarch64.manylinux2014_aarch64.whl", hash = "sha256:cddf7bd982eaa998934a91f69d182aec997c6c468898efe6679af88283b498d3", size = 143790, upload-time = "2025-05-02T08:32:35.768Z" },
    { url = "https://files.pythonhosted.org/packages/66/52/59521f1d8e6ab1482164fa21409c5ef44da3e9f653c13ba71becdd98dec3/charset_normalizer-3.4.2-cp312-cp312-manylinux_2_17_ppc64le.manylinux2014_ppc64le.whl", hash = "sha256:fcbe676a55d7445b22c10967bceaaf0ee69407fbe0ece4d032b6eb8d4565982a", size = 153924, upload-time = "2025-05-02T08:32:37.284Z" },
    { url = "https://files.pythonhosted.org/packages/86/2d/fb55fdf41964ec782febbf33cb64be480a6b8f16ded2dbe8db27a405c09f/charset_normalizer-3.4.2-cp312-cp312-manylinux_2_17_s390x.manylinux2014_s390x.whl", hash = "sha256:d41c4d287cfc69060fa91cae9683eacffad989f1a10811995fa309df656ec214", size = 146626, upload-time = "2025-05-02T08:32:38.803Z" },
    { url = "https://files.pythonhosted.org/packages/8c/73/6ede2ec59bce19b3edf4209d70004253ec5f4e319f9a2e3f2f15601ed5f7/charset_normalizer-3.4.2-cp312-cp312-manylinux_2_17_x86_64.manylinux2014_x86_64.whl", hash = "sha256:4e594135de17ab3866138f496755f302b72157d115086d100c3f19370839dd3a", size = 148567, upload-time = "2025-05-02T08:32:40.251Z" },
    { url = "https://files.pythonhosted.org/packages/09/14/957d03c6dc343c04904530b6bef4e5efae5ec7d7990a7cbb868e4595ee30/charset_normalizer-3.4.2-cp312-cp312-manylinux_2_5_i686.manylinux1_i686.manylinux_2_17_i686.manylinux2014_i686.whl", hash = "sha256:cf713fe9a71ef6fd5adf7a79670135081cd4431c2943864757f0fa3a65b1fafd", size = 150957, upload-time = "2025-05-02T08:32:41.705Z" },
    { url = "https://files.pythonhosted.org/packages/0d/c8/8174d0e5c10ccebdcb1b53cc959591c4c722a3ad92461a273e86b9f5a302/charset_normalizer-3.4.2-cp312-cp312-musllinux_1_2_aarch64.whl", hash = "sha256:a370b3e078e418187da8c3674eddb9d983ec09445c99a3a263c2011993522981", size = 145408, upload-time = "2025-05-02T08:32:43.709Z" },
    { url = "https://files.pythonhosted.org/packages/58/aa/8904b84bc8084ac19dc52feb4f5952c6df03ffb460a887b42615ee1382e8/charset_normalizer-3.4.2-cp312-cp312-musllinux_1_2_i686.whl", hash = "sha256:a955b438e62efdf7e0b7b52a64dc5c3396e2634baa62471768a64bc2adb73d5c", size = 153399, upload-time = "2025-05-02T08:32:46.197Z" },
    { url = "https://files.pythonhosted.org/packages/c2/26/89ee1f0e264d201cb65cf054aca6038c03b1a0c6b4ae998070392a3ce605/charset_normalizer-3.4.2-cp312-cp312-musllinux_1_2_ppc64le.whl", hash = "sha256:7222ffd5e4de8e57e03ce2cef95a4c43c98fcb72ad86909abdfc2c17d227fc1b", size = 156815, upload-time = "2025-05-02T08:32:48.105Z" },
    { url = "https://files.pythonhosted.org/packages/fd/07/68e95b4b345bad3dbbd3a8681737b4338ff2c9df29856a6d6d23ac4c73cb/charset_normalizer-3.4.2-cp312-cp312-musllinux_1_2_s390x.whl", hash = "sha256:bee093bf902e1d8fc0ac143c88902c3dfc8941f7ea1d6a8dd2bcb786d33db03d", size = 154537, upload-time = "2025-05-02T08:32:49.719Z" },
    { url = "https://files.pythonhosted.org/packages/77/1a/5eefc0ce04affb98af07bc05f3bac9094513c0e23b0562d64af46a06aae4/charset_normalizer-3.4.2-cp312-cp312-musllinux_1_2_x86_64.whl", hash = "sha256:dedb8adb91d11846ee08bec4c8236c8549ac721c245678282dcb06b221aab59f", size = 149565, upload-time = "2025-05-02T08:32:51.404Z" },
    { url = "https://files.pythonhosted.org/packages/37/a0/2410e5e6032a174c95e0806b1a6585eb21e12f445ebe239fac441995226a/charset_normalizer-3.4.2-cp312-cp312-win32.whl", hash = "sha256:db4c7bf0e07fc3b7d89ac2a5880a6a8062056801b83ff56d8464b70f65482b6c", size = 98357, upload-time = "2025-05-02T08:32:53.079Z" },
    { url = "https://files.pythonhosted.org/packages/6c/4f/c02d5c493967af3eda9c771ad4d2bbc8df6f99ddbeb37ceea6e8716a32bc/charset_normalizer-3.4.2-cp312-cp312-win_amd64.whl", hash = "sha256:5a9979887252a82fefd3d3ed2a8e3b937a7a809f65dcb1e068b090e165bbe99e", size = 105776, upload-time = "2025-05-02T08:32:54.573Z" },
    { url = "https://files.pythonhosted.org/packages/ea/12/a93df3366ed32db1d907d7593a94f1fe6293903e3e92967bebd6950ed12c/charset_normalizer-3.4.2-cp313-cp313-macosx_10_13_universal2.whl", hash = "sha256:926ca93accd5d36ccdabd803392ddc3e03e6d4cd1cf17deff3b989ab8e9dbcf0", size = 199622, upload-time = "2025-05-02T08:32:56.363Z" },
    { url = "https://files.pythonhosted.org/packages/04/93/bf204e6f344c39d9937d3c13c8cd5bbfc266472e51fc8c07cb7f64fcd2de/charset_normalizer-3.4.2-cp313-cp313-manylinux_2_17_aarch64.manylinux2014_aarch64.whl", hash = "sha256:eba9904b0f38a143592d9fc0e19e2df0fa2e41c3c3745554761c5f6447eedabf", size = 143435, upload-time = "2025-05-02T08:32:58.551Z" },
    { url = "https://files.pythonhosted.org/packages/22/2a/ea8a2095b0bafa6c5b5a55ffdc2f924455233ee7b91c69b7edfcc9e02284/charset_normalizer-3.4.2-cp313-cp313-manylinux_2_17_ppc64le.manylinux2014_ppc64le.whl", hash = "sha256:3fddb7e2c84ac87ac3a947cb4e66d143ca5863ef48e4a5ecb83bd48619e4634e", size = 153653, upload-time = "2025-05-02T08:33:00.342Z" },
    { url = "https://files.pythonhosted.org/packages/b6/57/1b090ff183d13cef485dfbe272e2fe57622a76694061353c59da52c9a659/charset_normalizer-3.4.2-cp313-cp313-manylinux_2_17_s390x.manylinux2014_s390x.whl", hash = "sha256:98f862da73774290f251b9df8d11161b6cf25b599a66baf087c1ffe340e9bfd1", size = 146231, upload-time = "2025-05-02T08:33:02.081Z" },
    { url = "https://files.pythonhosted.org/packages/e2/28/ffc026b26f441fc67bd21ab7f03b313ab3fe46714a14b516f931abe1a2d8/charset_normalizer-3.4.2-cp313-cp313-manylinux_2_17_x86_64.manylinux2014_x86_64.whl", hash = "sha256:6c9379d65defcab82d07b2a9dfbfc2e95bc8fe0ebb1b176a3190230a3ef0e07c", size = 148243, upload-time = "2025-05-02T08:33:04.063Z" },
    { url = "https://files.pythonhosted.org/packages/c0/0f/9abe9bd191629c33e69e47c6ef45ef99773320e9ad8e9cb08b8ab4a8d4cb/charset_normalizer-3.4.2-cp313-cp313-manylinux_2_5_i686.manylinux1_i686.manylinux_2_17_i686.manylinux2014_i686.whl", hash = "sha256:e635b87f01ebc977342e2697d05b56632f5f879a4f15955dfe8cef2448b51691", size = 150442, upload-time = "2025-05-02T08:33:06.418Z" },
    { url = "https://files.pythonhosted.org/packages/67/7c/a123bbcedca91d5916c056407f89a7f5e8fdfce12ba825d7d6b9954a1a3c/charset_normalizer-3.4.2-cp313-cp313-musllinux_1_2_aarch64.whl", hash = "sha256:1c95a1e2902a8b722868587c0e1184ad5c55631de5afc0eb96bc4b0d738092c0", size = 145147, upload-time = "2025-05-02T08:33:08.183Z" },
    { url = "https://files.pythonhosted.org/packages/ec/fe/1ac556fa4899d967b83e9893788e86b6af4d83e4726511eaaad035e36595/charset_normalizer-3.4.2-cp313-cp313-musllinux_1_2_i686.whl", hash = "sha256:ef8de666d6179b009dce7bcb2ad4c4a779f113f12caf8dc77f0162c29d20490b", size = 153057, upload-time = "2025-05-02T08:33:09.986Z" },
    { url = "https://files.pythonhosted.org/packages/2b/ff/acfc0b0a70b19e3e54febdd5301a98b72fa07635e56f24f60502e954c461/charset_normalizer-3.4.2-cp313-cp313-musllinux_1_2_ppc64le.whl", hash = "sha256:32fc0341d72e0f73f80acb0a2c94216bd704f4f0bce10aedea38f30502b271ff", size = 156454, upload-time = "2025-05-02T08:33:11.814Z" },
    { url = "https://files.pythonhosted.org/packages/92/08/95b458ce9c740d0645feb0e96cea1f5ec946ea9c580a94adfe0b617f3573/charset_normalizer-3.4.2-cp313-cp313-musllinux_1_2_s390x.whl", hash = "sha256:289200a18fa698949d2b39c671c2cc7a24d44096784e76614899a7ccf2574b7b", size = 154174, upload-time = "2025-05-02T08:33:13.707Z" },
    { url = "https://files.pythonhosted.org/packages/78/be/8392efc43487ac051eee6c36d5fbd63032d78f7728cb37aebcc98191f1ff/charset_normalizer-3.4.2-cp313-cp313-musllinux_1_2_x86_64.whl", hash = "sha256:4a476b06fbcf359ad25d34a057b7219281286ae2477cc5ff5e3f70a246971148", size = 149166, upload-time = "2025-05-02T08:33:15.458Z" },
    { url = "https://files.pythonhosted.org/packages/44/96/392abd49b094d30b91d9fbda6a69519e95802250b777841cf3bda8fe136c/charset_normalizer-3.4.2-cp313-cp313-win32.whl", hash = "sha256:aaeeb6a479c7667fbe1099af9617c83aaca22182d6cf8c53966491a0f1b7ffb7", size = 98064, upload-time = "2025-05-02T08:33:17.06Z" },
    { url = "https://files.pythonhosted.org/packages/e9/b0/0200da600134e001d91851ddc797809e2fe0ea72de90e09bec5a2fbdaccb/charset_normalizer-3.4.2-cp313-cp313-win_amd64.whl", hash = "sha256:aa6af9e7d59f9c12b33ae4e9450619cf2488e2bbe9b44030905877f0b2324980", size = 105641, upload-time = "2025-05-02T08:33:18.753Z" },
    { url = "https://files.pythonhosted.org/packages/20/94/c5790835a017658cbfabd07f3bfb549140c3ac458cfc196323996b10095a/charset_normalizer-3.4.2-py3-none-any.whl", hash = "sha256:7f56930ab0abd1c45cd15be65cc741c28b1c9a34876ce8c17a2fa107810c0af0", size = 52626, upload-time = "2025-05-02T08:34:40.053Z" },
]

[[package]]
name = "distlib"
version = "0.3.9"
source = { registry = "https://pypi.org/simple" }
sdist = { url = "https://files.pythonhosted.org/packages/0d/dd/1bec4c5ddb504ca60fc29472f3d27e8d4da1257a854e1d96742f15c1d02d/distlib-0.3.9.tar.gz", hash = "sha256:a60f20dea646b8a33f3e7772f74dc0b2d0772d2837ee1342a00645c81edf9403", size = 613923, upload-time = "2024-10-09T18:35:47.551Z" }
wheels = [
    { url = "https://files.pythonhosted.org/packages/91/a1/cf2472db20f7ce4a6be1253a81cfdf85ad9c7885ffbed7047fb72c24cf87/distlib-0.3.9-py2.py3-none-any.whl", hash = "sha256:47f8c22fd27c27e25a65601af709b38e4f0a45ea4fc2e710f65755fa8caaaf87", size = 468973, upload-time = "2024-10-09T18:35:44.272Z" },
]

[[package]]
name = "filelock"
version = "3.18.0"
source = { registry = "https://pypi.org/simple" }
sdist = { url = "https://files.pythonhosted.org/packages/0a/10/c23352565a6544bdc5353e0b15fc1c563352101f30e24bf500207a54df9a/filelock-3.18.0.tar.gz", hash = "sha256:adbc88eabb99d2fec8c9c1b229b171f18afa655400173ddc653d5d01501fb9f2", size = 18075, upload-time = "2025-03-14T07:11:40.47Z" }
wheels = [
    { url = "https://files.pythonhosted.org/packages/4d/36/2a115987e2d8c300a974597416d9de88f2444426de9571f4b59b2cca3acc/filelock-3.18.0-py3-none-any.whl", hash = "sha256:c401f4f8377c4464e6db25fff06205fd89bdd83b65eb0488ed1b160f780e21de", size = 16215, upload-time = "2025-03-14T07:11:39.145Z" },
]

[[package]]
name = "identify"
version = "2.6.12"
source = { registry = "https://pypi.org/simple" }
sdist = { url = "https://files.pythonhosted.org/packages/a2/88/d193a27416618628a5eea64e3223acd800b40749a96ffb322a9b55a49ed1/identify-2.6.12.tar.gz", hash = "sha256:d8de45749f1efb108badef65ee8386f0f7bb19a7f26185f74de6367bffbaf0e6", size = 99254, upload-time = "2025-05-23T20:37:53.3Z" }
wheels = [
    { url = "https://files.pythonhosted.org/packages/7a/cd/18f8da995b658420625f7ef13f037be53ae04ec5ad33f9b718240dcfd48c/identify-2.6.12-py2.py3-none-any.whl", hash = "sha256:ad9672d5a72e0d2ff7c5c8809b62dfa60458626352fb0eb7b55e69bdc45334a2", size = 99145, upload-time = "2025-05-23T20:37:51.495Z" },
]

[[package]]
name = "idna"
version = "3.10"
source = { registry = "https://pypi.org/simple" }
sdist = { url = "https://files.pythonhosted.org/packages/f1/70/7703c29685631f5a7590aa73f1f1d3fa9a380e654b86af429e0934a32f7d/idna-3.10.tar.gz", hash = "sha256:12f65c9b470abda6dc35cf8e63cc574b1c52b11df2c86030af0ac09b01b13ea9", size = 190490, upload-time = "2024-09-15T18:07:39.745Z" }
wheels = [
    { url = "https://files.pythonhosted.org/packages/76/c6/c88e154df9c4e1a2a66ccf0005a88dfb2650c1dffb6f5ce603dfbd452ce3/idna-3.10-py3-none-any.whl", hash = "sha256:946d195a0d259cbba61165e88e65941f16e9b36ea6ddb97f00452bae8b1287d3", size = 70442, upload-time = "2024-09-15T18:07:37.964Z" },
]

[[package]]
name = "nodeenv"
version = "1.9.1"
source = { registry = "https://pypi.org/simple" }
sdist = { url = "https://files.pythonhosted.org/packages/43/16/fc88b08840de0e0a72a2f9d8c6bae36be573e475a6326ae854bcc549fc45/nodeenv-1.9.1.tar.gz", hash = "sha256:6ec12890a2dab7946721edbfbcd91f3319c6ccc9aec47be7c7e6b7011ee6645f", size = 47437, upload-time = "2024-06-04T18:44:11.171Z" }
wheels = [
    { url = "https://files.pythonhosted.org/packages/d2/1d/1b658dbd2b9fa9c4c9f32accbfc0205d532c8c6194dc0f2a4c0428e7128a/nodeenv-1.9.1-py2.py3-none-any.whl", hash = "sha256:ba11c9782d29c27c70ffbdda2d7415098754709be8a7056d79a737cd901155c9", size = 22314, upload-time = "2024-06-04T18:44:08.352Z" },
]

[[package]]
name = "platformdirs"
version = "4.3.8"
source = { registry = "https://pypi.org/simple" }
sdist = { url = "https://files.pythonhosted.org/packages/fe/8b/3c73abc9c759ecd3f1f7ceff6685840859e8070c4d947c93fae71f6a0bf2/platformdirs-4.3.8.tar.gz", hash = "sha256:3d512d96e16bcb959a814c9f348431070822a6496326a4be0911c40b5a74c2bc", size = 21362, upload-time = "2025-05-07T22:47:42.121Z" }
wheels = [
    { url = "https://files.pythonhosted.org/packages/fe/39/979e8e21520d4e47a0bbe349e2713c0aac6f3d853d0e5b34d76206c439aa/platformdirs-4.3.8-py3-none-any.whl", hash = "sha256:ff7059bb7eb1179e2685604f4aaf157cfd9535242bd23742eadc3c13542139b4", size = 18567, upload-time = "2025-05-07T22:47:40.376Z" },
]

[[package]]
name = "pre-commit"
version = "4.2.0"
source = { registry = "https://pypi.org/simple" }
dependencies = [
    { name = "cfgv" },
    { name = "identify" },
    { name = "nodeenv" },
    { name = "pyyaml" },
    { name = "virtualenv" },
]
sdist = { url = "https://files.pythonhosted.org/packages/08/39/679ca9b26c7bb2999ff122d50faa301e49af82ca9c066ec061cfbc0c6784/pre_commit-4.2.0.tar.gz", hash = "sha256:601283b9757afd87d40c4c4a9b2b5de9637a8ea02eaff7adc2d0fb4e04841146", size = 193424, upload-time = "2025-03-18T21:35:20.987Z" }
wheels = [
    { url = "https://files.pythonhosted.org/packages/88/74/a88bf1b1efeae488a0c0b7bdf71429c313722d1fc0f377537fbe554e6180/pre_commit-4.2.0-py2.py3-none-any.whl", hash = "sha256:a009ca7205f1eb497d10b845e52c838a98b6cdd2102a6c8e4540e94ee75c58bd", size = 220707, upload-time = "2025-03-18T21:35:19.343Z" },
]

[[package]]
name = "protobuf"
version = "5.29.5"
source = { registry = "https://pypi.org/simple" }
sdist = { url = "https://files.pythonhosted.org/packages/43/29/d09e70352e4e88c9c7a198d5645d7277811448d76c23b00345670f7c8a38/protobuf-5.29.5.tar.gz", hash = "sha256:bc1463bafd4b0929216c35f437a8e28731a2b7fe3d98bb77a600efced5a15c84", size = 425226, upload-time = "2025-05-28T23:51:59.82Z" }
wheels = [
    { url = "https://files.pythonhosted.org/packages/5f/11/6e40e9fc5bba02988a214c07cf324595789ca7820160bfd1f8be96e48539/protobuf-5.29.5-cp310-abi3-win32.whl", hash = "sha256:3f1c6468a2cfd102ff4703976138844f78ebd1fb45f49011afc5139e9e283079", size = 422963, upload-time = "2025-05-28T23:51:41.204Z" },
    { url = "https://files.pythonhosted.org/packages/81/7f/73cefb093e1a2a7c3ffd839e6f9fcafb7a427d300c7f8aef9c64405d8ac6/protobuf-5.29.5-cp310-abi3-win_amd64.whl", hash = "sha256:3f76e3a3675b4a4d867b52e4a5f5b78a2ef9565549d4037e06cf7b0942b1d3fc", size = 434818, upload-time = "2025-05-28T23:51:44.297Z" },
    { url = "https://files.pythonhosted.org/packages/dd/73/10e1661c21f139f2c6ad9b23040ff36fee624310dc28fba20d33fdae124c/protobuf-5.29.5-cp38-abi3-macosx_10_9_universal2.whl", hash = "sha256:e38c5add5a311f2a6eb0340716ef9b039c1dfa428b28f25a7838ac329204a671", size = 418091, upload-time = "2025-05-28T23:51:45.907Z" },
    { url = "https://files.pythonhosted.org/packages/6c/04/98f6f8cf5b07ab1294c13f34b4e69b3722bb609c5b701d6c169828f9f8aa/protobuf-5.29.5-cp38-abi3-manylinux2014_aarch64.whl", hash = "sha256:fa18533a299d7ab6c55a238bf8629311439995f2e7eca5caaff08663606e9015", size = 319824, upload-time = "2025-05-28T23:51:47.545Z" },
    { url = "https://files.pythonhosted.org/packages/85/e4/07c80521879c2d15f321465ac24c70efe2381378c00bf5e56a0f4fbac8cd/protobuf-5.29.5-cp38-abi3-manylinux2014_x86_64.whl", hash = "sha256:63848923da3325e1bf7e9003d680ce6e14b07e55d0473253a690c3a8b8fd6e61", size = 319942, upload-time = "2025-05-28T23:51:49.11Z" },
    { url = "https://files.pythonhosted.org/packages/7e/cc/7e77861000a0691aeea8f4566e5d3aa716f2b1dece4a24439437e41d3d25/protobuf-5.29.5-py3-none-any.whl", hash = "sha256:6cf42630262c59b2d8de33954443d94b746c952b01434fc58a417fdbd2e84bd5", size = 172823, upload-time = "2025-05-28T23:51:58.157Z" },
]

[[package]]
name = "pyyaml"
version = "6.0.2"
source = { registry = "https://pypi.org/simple" }
sdist = { url = "https://files.pythonhosted.org/packages/54/ed/79a089b6be93607fa5cdaedf301d7dfb23af5f25c398d5ead2525b063e17/pyyaml-6.0.2.tar.gz", hash = "sha256:d584d9ec91ad65861cc08d42e834324ef890a082e591037abe114850ff7bbc3e", size = 130631, upload-time = "2024-08-06T20:33:50.674Z" }
wheels = [
    { url = "https://files.pythonhosted.org/packages/86/0c/c581167fc46d6d6d7ddcfb8c843a4de25bdd27e4466938109ca68492292c/PyYAML-6.0.2-cp312-cp312-macosx_10_9_x86_64.whl", hash = "sha256:c70c95198c015b85feafc136515252a261a84561b7b1d51e3384e0655ddf25ab", size = 183873, upload-time = "2024-08-06T20:32:25.131Z" },
    { url = "https://files.pythonhosted.org/packages/a8/0c/38374f5bb272c051e2a69281d71cba6fdb983413e6758b84482905e29a5d/PyYAML-6.0.2-cp312-cp312-macosx_11_0_arm64.whl", hash = "sha256:ce826d6ef20b1bc864f0a68340c8b3287705cae2f8b4b1d932177dcc76721725", size = 173302, upload-time = "2024-08-06T20:32:26.511Z" },
    { url = "https://files.pythonhosted.org/packages/c3/93/9916574aa8c00aa06bbac729972eb1071d002b8e158bd0e83a3b9a20a1f7/PyYAML-6.0.2-cp312-cp312-manylinux_2_17_aarch64.manylinux2014_aarch64.whl", hash = "sha256:1f71ea527786de97d1a0cc0eacd1defc0985dcf6b3f17bb77dcfc8c34bec4dc5", size = 739154, upload-time = "2024-08-06T20:32:28.363Z" },
    { url = "https://files.pythonhosted.org/packages/95/0f/b8938f1cbd09739c6da569d172531567dbcc9789e0029aa070856f123984/PyYAML-6.0.2-cp312-cp312-manylinux_2_17_s390x.manylinux2014_s390x.whl", hash = "sha256:9b22676e8097e9e22e36d6b7bda33190d0d400f345f23d4065d48f4ca7ae0425", size = 766223, upload-time = "2024-08-06T20:32:30.058Z" },
    { url = "https://files.pythonhosted.org/packages/b9/2b/614b4752f2e127db5cc206abc23a8c19678e92b23c3db30fc86ab731d3bd/PyYAML-6.0.2-cp312-cp312-manylinux_2_17_x86_64.manylinux2014_x86_64.whl", hash = "sha256:80bab7bfc629882493af4aa31a4cfa43a4c57c83813253626916b8c7ada83476", size = 767542, upload-time = "2024-08-06T20:32:31.881Z" },
    { url = "https://files.pythonhosted.org/packages/d4/00/dd137d5bcc7efea1836d6264f049359861cf548469d18da90cd8216cf05f/PyYAML-6.0.2-cp312-cp312-musllinux_1_1_aarch64.whl", hash = "sha256:0833f8694549e586547b576dcfaba4a6b55b9e96098b36cdc7ebefe667dfed48", size = 731164, upload-time = "2024-08-06T20:32:37.083Z" },
    { url = "https://files.pythonhosted.org/packages/c9/1f/4f998c900485e5c0ef43838363ba4a9723ac0ad73a9dc42068b12aaba4e4/PyYAML-6.0.2-cp312-cp312-musllinux_1_1_x86_64.whl", hash = "sha256:8b9c7197f7cb2738065c481a0461e50ad02f18c78cd75775628afb4d7137fb3b", size = 756611, upload-time = "2024-08-06T20:32:38.898Z" },
    { url = "https://files.pythonhosted.org/packages/df/d1/f5a275fdb252768b7a11ec63585bc38d0e87c9e05668a139fea92b80634c/PyYAML-6.0.2-cp312-cp312-win32.whl", hash = "sha256:ef6107725bd54b262d6dedcc2af448a266975032bc85ef0172c5f059da6325b4", size = 140591, upload-time = "2024-08-06T20:32:40.241Z" },
    { url = "https://files.pythonhosted.org/packages/0c/e8/4f648c598b17c3d06e8753d7d13d57542b30d56e6c2dedf9c331ae56312e/PyYAML-6.0.2-cp312-cp312-win_amd64.whl", hash = "sha256:7e7401d0de89a9a855c839bc697c079a4af81cf878373abd7dc625847d25cbd8", size = 156338, upload-time = "2024-08-06T20:32:41.93Z" },
    { url = "https://files.pythonhosted.org/packages/ef/e3/3af305b830494fa85d95f6d95ef7fa73f2ee1cc8ef5b495c7c3269fb835f/PyYAML-6.0.2-cp313-cp313-macosx_10_13_x86_64.whl", hash = "sha256:efdca5630322a10774e8e98e1af481aad470dd62c3170801852d752aa7a783ba", size = 181309, upload-time = "2024-08-06T20:32:43.4Z" },
    { url = "https://files.pythonhosted.org/packages/45/9f/3b1c20a0b7a3200524eb0076cc027a970d320bd3a6592873c85c92a08731/PyYAML-6.0.2-cp313-cp313-macosx_11_0_arm64.whl", hash = "sha256:50187695423ffe49e2deacb8cd10510bc361faac997de9efef88badc3bb9e2d1", size = 171679, upload-time = "2024-08-06T20:32:44.801Z" },
    { url = "https://files.pythonhosted.org/packages/7c/9a/337322f27005c33bcb656c655fa78325b730324c78620e8328ae28b64d0c/PyYAML-6.0.2-cp313-cp313-manylinux_2_17_aarch64.manylinux2014_aarch64.whl", hash = "sha256:0ffe8360bab4910ef1b9e87fb812d8bc0a308b0d0eef8c8f44e0254ab3b07133", size = 733428, upload-time = "2024-08-06T20:32:46.432Z" },
    { url = "https://files.pythonhosted.org/packages/a3/69/864fbe19e6c18ea3cc196cbe5d392175b4cf3d5d0ac1403ec3f2d237ebb5/PyYAML-6.0.2-cp313-cp313-manylinux_2_17_s390x.manylinux2014_s390x.whl", hash = "sha256:17e311b6c678207928d649faa7cb0d7b4c26a0ba73d41e99c4fff6b6c3276484", size = 763361, upload-time = "2024-08-06T20:32:51.188Z" },
    { url = "https://files.pythonhosted.org/packages/04/24/b7721e4845c2f162d26f50521b825fb061bc0a5afcf9a386840f23ea19fa/PyYAML-6.0.2-cp313-cp313-manylinux_2_17_x86_64.manylinux2014_x86_64.whl", hash = "sha256:70b189594dbe54f75ab3a1acec5f1e3faa7e8cf2f1e08d9b561cb41b845f69d5", size = 759523, upload-time = "2024-08-06T20:32:53.019Z" },
    { url = "https://files.pythonhosted.org/packages/2b/b2/e3234f59ba06559c6ff63c4e10baea10e5e7df868092bf9ab40e5b9c56b6/PyYAML-6.0.2-cp313-cp313-musllinux_1_1_aarch64.whl", hash = "sha256:41e4e3953a79407c794916fa277a82531dd93aad34e29c2a514c2c0c5fe971cc", size = 726660, upload-time = "2024-08-06T20:32:54.708Z" },
    { url = "https://files.pythonhosted.org/packages/fe/0f/25911a9f080464c59fab9027482f822b86bf0608957a5fcc6eaac85aa515/PyYAML-6.0.2-cp313-cp313-musllinux_1_1_x86_64.whl", hash = "sha256:68ccc6023a3400877818152ad9a1033e3db8625d899c72eacb5a668902e4d652", size = 751597, upload-time = "2024-08-06T20:32:56.985Z" },
    { url = "https://files.pythonhosted.org/packages/14/0d/e2c3b43bbce3cf6bd97c840b46088a3031085179e596d4929729d8d68270/PyYAML-6.0.2-cp313-cp313-win32.whl", hash = "sha256:bc2fa7c6b47d6bc618dd7fb02ef6fdedb1090ec036abab80d4681424b84c1183", size = 140527, upload-time = "2024-08-06T20:33:03.001Z" },
    { url = "https://files.pythonhosted.org/packages/fa/de/02b54f42487e3d3c6efb3f89428677074ca7bf43aae402517bc7cca949f3/PyYAML-6.0.2-cp313-cp313-win_amd64.whl", hash = "sha256:8388ee1976c416731879ac16da0aff3f63b286ffdd57cdeb95f3f2e085687563", size = 156446, upload-time = "2024-08-06T20:33:04.33Z" },
]

[[package]]
name = "remotezip"
version = "0.12.3"
source = { registry = "https://pypi.org/simple" }
dependencies = [
    { name = "requests" },
]
sdist = { url = "https://files.pythonhosted.org/packages/fa/8d/908ad46bff752568a409ee6ac797c3c6817501db06f142989e3208414569/remotezip-0.12.3.tar.gz", hash = "sha256:bf1ebe2be9f07a6e1c14d0e52ecffccd7a3e808dff4f9ba523c5e84d867a3fe3", size = 7835, upload-time = "2024-02-26T19:51:04.917Z" }
wheels = [
    { url = "https://files.pythonhosted.org/packages/7b/18/22316545b712dbed0119c7d3b8683a566c7da26353e344a4188b99f12692/remotezip-0.12.3-py3-none-any.whl", hash = "sha256:f70a4026879439ecb0a2cf848a7c176ae5ee142bbe51ec69e3344e150b2a52de", size = 8099, upload-time = "2024-02-26T19:51:02.968Z" },
]

[[package]]
name = "requests"
version = "2.32.4"
source = { registry = "https://pypi.org/simple" }
dependencies = [
    { name = "certifi" },
    { name = "charset-normalizer" },
    { name = "idna" },
    { name = "urllib3" },
]
sdist = { url = "https://files.pythonhosted.org/packages/e1/0a/929373653770d8a0d7ea76c37de6e41f11eb07559b103b1c02cafb3f7cf8/requests-2.32.4.tar.gz", hash = "sha256:27d0316682c8a29834d3264820024b62a36942083d52caf2f14c0591336d3422", size = 135258, upload-time = "2025-06-09T16:43:07.34Z" }
wheels = [
    { url = "https://files.pythonhosted.org/packages/7c/e4/56027c4a6b4ae70ca9de302488c5ca95ad4a39e190093d6c1a8ace08341b/requests-2.32.4-py3-none-any.whl", hash = "sha256:27babd3cda2a6d50b30443204ee89830707d396671944c998b5975b031ac2b2c", size = 64847, upload-time = "2025-06-09T16:43:05.728Z" },
]

[[package]]
name = "ruff"
version = "0.11.13"
source = { registry = "https://pypi.org/simple" }
sdist = { url = "https://files.pythonhosted.org/packages/ed/da/9c6f995903b4d9474b39da91d2d626659af3ff1eeb43e9ae7c119349dba6/ruff-0.11.13.tar.gz", hash = "sha256:26fa247dc68d1d4e72c179e08889a25ac0c7ba4d78aecfc835d49cbfd60bf514", size = 4282054, upload-time = "2025-06-05T21:00:15.721Z" }
wheels = [
    { url = "https://files.pythonhosted.org/packages/7d/ce/a11d381192966e0b4290842cc8d4fac7dc9214ddf627c11c1afff87da29b/ruff-0.11.13-py3-none-linux_armv6l.whl", hash = "sha256:4bdfbf1240533f40042ec00c9e09a3aade6f8c10b6414cf11b519488d2635d46", size = 10292516, upload-time = "2025-06-05T20:59:32.944Z" },
    { url = "https://files.pythonhosted.org/packages/78/db/87c3b59b0d4e753e40b6a3b4a2642dfd1dcaefbff121ddc64d6c8b47ba00/ruff-0.11.13-py3-none-macosx_10_12_x86_64.whl", hash = "sha256:aef9c9ed1b5ca28bb15c7eac83b8670cf3b20b478195bd49c8d756ba0a36cf48", size = 11106083, upload-time = "2025-06-05T20:59:37.03Z" },
    { url = "https://files.pythonhosted.org/packages/77/79/d8cec175856ff810a19825d09ce700265f905c643c69f45d2b737e4a470a/ruff-0.11.13-py3-none-macosx_11_0_arm64.whl", hash = "sha256:53b15a9dfdce029c842e9a5aebc3855e9ab7771395979ff85b7c1dedb53ddc2b", size = 10436024, upload-time = "2025-06-05T20:59:39.741Z" },
    { url = "https://files.pythonhosted.org/packages/8b/5b/f6d94f2980fa1ee854b41568368a2e1252681b9238ab2895e133d303538f/ruff-0.11.13-py3-none-manylinux_2_17_aarch64.manylinux2014_aarch64.whl", hash = "sha256:ab153241400789138d13f362c43f7edecc0edfffce2afa6a68434000ecd8f69a", size = 10646324, upload-time = "2025-06-05T20:59:42.185Z" },
    { url = "https://files.pythonhosted.org/packages/6c/9c/b4c2acf24ea4426016d511dfdc787f4ce1ceb835f3c5fbdbcb32b1c63bda/ruff-0.11.13-py3-none-manylinux_2_17_armv7l.manylinux2014_armv7l.whl", hash = "sha256:6c51f93029d54a910d3d24f7dd0bb909e31b6cd989a5e4ac513f4eb41629f0dc", size = 10174416, upload-time = "2025-06-05T20:59:44.319Z" },
    { url = "https://files.pythonhosted.org/packages/f3/10/e2e62f77c65ede8cd032c2ca39c41f48feabedb6e282bfd6073d81bb671d/ruff-0.11.13-py3-none-manylinux_2_17_i686.manylinux2014_i686.whl", hash = "sha256:1808b3ed53e1a777c2ef733aca9051dc9bf7c99b26ece15cb59a0320fbdbd629", size = 11724197, upload-time = "2025-06-05T20:59:46.935Z" },
    { url = "https://files.pythonhosted.org/packages/bb/f0/466fe8469b85c561e081d798c45f8a1d21e0b4a5ef795a1d7f1a9a9ec182/ruff-0.11.13-py3-none-manylinux_2_17_ppc64.manylinux2014_ppc64.whl", hash = "sha256:d28ce58b5ecf0f43c1b71edffabe6ed7f245d5336b17805803312ec9bc665933", size = 12511615, upload-time = "2025-06-05T20:59:49.534Z" },
    { url = "https://files.pythonhosted.org/packages/17/0e/cefe778b46dbd0cbcb03a839946c8f80a06f7968eb298aa4d1a4293f3448/ruff-0.11.13-py3-none-manylinux_2_17_ppc64le.manylinux2014_ppc64le.whl", hash = "sha256:55e4bc3a77842da33c16d55b32c6cac1ec5fb0fbec9c8c513bdce76c4f922165", size = 12117080, upload-time = "2025-06-05T20:59:51.654Z" },
    { url = "https://files.pythonhosted.org/packages/5d/2c/caaeda564cbe103bed145ea557cb86795b18651b0f6b3ff6a10e84e5a33f/ruff-0.11.13-py3-none-manylinux_2_17_s390x.manylinux2014_s390x.whl", hash = "sha256:633bf2c6f35678c56ec73189ba6fa19ff1c5e4807a78bf60ef487b9dd272cc71", size = 11326315, upload-time = "2025-06-05T20:59:54.469Z" },
    { url = "https://files.pythonhosted.org/packages/75/f0/782e7d681d660eda8c536962920c41309e6dd4ebcea9a2714ed5127d44bd/ruff-0.11.13-py3-none-manylinux_2_17_x86_64.manylinux2014_x86_64.whl", hash = "sha256:4ffbc82d70424b275b089166310448051afdc6e914fdab90e08df66c43bb5ca9", size = 11555640, upload-time = "2025-06-05T20:59:56.986Z" },
    { url = "https://files.pythonhosted.org/packages/5d/d4/3d580c616316c7f07fb3c99dbecfe01fbaea7b6fd9a82b801e72e5de742a/ruff-0.11.13-py3-none-musllinux_1_2_aarch64.whl", hash = "sha256:4a9ddd3ec62a9a89578c85842b836e4ac832d4a2e0bfaad3b02243f930ceafcc", size = 10507364, upload-time = "2025-06-05T20:59:59.154Z" },
    { url = "https://files.pythonhosted.org/packages/5a/dc/195e6f17d7b3ea6b12dc4f3e9de575db7983db187c378d44606e5d503319/ruff-0.11.13-py3-none-musllinux_1_2_armv7l.whl", hash = "sha256:d237a496e0778d719efb05058c64d28b757c77824e04ffe8796c7436e26712b7", size = 10141462, upload-time = "2025-06-05T21:00:01.481Z" },
    { url = "https://files.pythonhosted.org/packages/f4/8e/39a094af6967faa57ecdeacb91bedfb232474ff8c3d20f16a5514e6b3534/ruff-0.11.13-py3-none-musllinux_1_2_i686.whl", hash = "sha256:26816a218ca6ef02142343fd24c70f7cd8c5aa6c203bca284407adf675984432", size = 11121028, upload-time = "2025-06-05T21:00:04.06Z" },
    { url = "https://files.pythonhosted.org/packages/5a/c0/b0b508193b0e8a1654ec683ebab18d309861f8bd64e3a2f9648b80d392cb/ruff-0.11.13-py3-none-musllinux_1_2_x86_64.whl", hash = "sha256:51c3f95abd9331dc5b87c47ac7f376db5616041173826dfd556cfe3d4977f492", size = 11602992, upload-time = "2025-06-05T21:00:06.249Z" },
    { url = "https://files.pythonhosted.org/packages/7c/91/263e33ab93ab09ca06ce4f8f8547a858cc198072f873ebc9be7466790bae/ruff-0.11.13-py3-none-win32.whl", hash = "sha256:96c27935418e4e8e77a26bb05962817f28b8ef3843a6c6cc49d8783b5507f250", size = 10474944, upload-time = "2025-06-05T21:00:08.459Z" },
    { url = "https://files.pythonhosted.org/packages/46/f4/7c27734ac2073aae8efb0119cae6931b6fb48017adf048fdf85c19337afc/ruff-0.11.13-py3-none-win_amd64.whl", hash = "sha256:29c3189895a8a6a657b7af4e97d330c8a3afd2c9c8f46c81e2fc5a31866517e3", size = 11548669, upload-time = "2025-06-05T21:00:11.147Z" },
    { url = "https://files.pythonhosted.org/packages/ec/bf/b273dd11673fed8a6bd46032c0ea2a04b2ac9bfa9c628756a5856ba113b0/ruff-0.11.13-py3-none-win_arm64.whl", hash = "sha256:b4385285e9179d608ff1d2fb9922062663c658605819a6876d8beef0c30b7f3b", size = 10683928, upload-time = "2025-06-05T21:00:13.758Z" },
]

[[package]]
name = "urllib3"
version = "2.4.0"
source = { registry = "https://pypi.org/simple" }
sdist = { url = "https://files.pythonhosted.org/packages/8a/78/16493d9c386d8e60e442a35feac5e00f0913c0f4b7c217c11e8ec2ff53e0/urllib3-2.4.0.tar.gz", hash = "sha256:414bc6535b787febd7567804cc015fee39daab8ad86268f1310a9250697de466", size = 390672, upload-time = "2025-04-10T15:23:39.232Z" }
wheels = [
    { url = "https://files.pythonhosted.org/packages/6b/11/cc635220681e93a0183390e26485430ca2c7b5f9d33b15c74c2861cb8091/urllib3-2.4.0-py3-none-any.whl", hash = "sha256:4e16665048960a0900c702d4a66415956a584919c03361cac9f1df5c5dd7e813", size = 128680, upload-time = "2025-04-10T15:23:37.377Z" },
]

[[package]]
name = "virtualenv"
version = "20.31.2"
source = { registry = "https://pypi.org/simple" }
dependencies = [
    { name = "distlib" },
    { name = "filelock" },
    { name = "platformdirs" },
]
sdist = { url = "https://files.pythonhosted.org/packages/56/2c/444f465fb2c65f40c3a104fd0c495184c4f2336d65baf398e3c75d72ea94/virtualenv-20.31.2.tar.gz", hash = "sha256:e10c0a9d02835e592521be48b332b6caee6887f332c111aa79a09b9e79efc2af", size = 6076316, upload-time = "2025-05-08T17:58:23.811Z" }
wheels = [
    { url = "https://files.pythonhosted.org/packages/f3/40/b1c265d4b2b62b58576588510fc4d1fe60a86319c8de99fd8e9fec617d2c/virtualenv-20.31.2-py3-none-any.whl", hash = "sha256:36efd0d9650ee985f0cad72065001e66d49a6f24eb44d98980f630686243cf11", size = 6057982, upload-time = "2025-05-08T17:58:21.15Z" },
]

[[package]]
name = "xiaomi-flashable-firmware-creator"
version = "2.2.14"
source = { editable = "." }
dependencies = [
    { name = "protobuf" },
    { name = "remotezip" },
]

[package.dev-dependencies]
dev = [
    { name = "pre-commit" },
    { name = "ruff" },
]

[package.metadata]
requires-dist = [
    { name = "protobuf", specifier = ">=4.22.1,<6.0.0" },
    { name = "remotezip", specifier = ">=0.12.3" },
]

[package.metadata.requires-dev]
dev = [
    { name = "pre-commit", specifier = ">=4.0.0" },
    { name = "ruff", specifier = ">=0.7.1" },
]
